# This file is automatically @generated by Cargo.
# It is not intended for manual editing.
version = 4

[[package]]
name = "ethnum"
version = "1.5.1"
source = "registry+https://github.com/rust-lang/crates.io-index"
checksum = "0939f82868b77ef93ce3c3c3daf2b3c526b456741da5a1a4559e590965b6026b"

[[package]]
name = "evm"
version = "0.1.0"
dependencies = [
 "ethnum",
]
